<?xml version="1.0" encoding="utf-8"?>
<Project ToolsVersion="4.0" xmlns="http://schemas.microsoft.com/developer/msbuild/2003">
  <ItemGroup>
    <Filter Include="Source Files">
      <UniqueIdentifier>{4FC737F1-C7A5-4376-A066-2A32D752A2FF}</UniqueIdentifier>
      <Extensions>cpp;c;cc;cxx;c++;def;odl;idl;hpj;bat;asm;asmx</Extensions>
    </Filter>
    <Filter Include="Header Files">
      <UniqueIdentifier>{93995380-89BD-4b04-88EB-625FBE52EBFB}</UniqueIdentifier>
      <Extensions>h;hh;hpp;hxx;h++;hm;inl;inc;ipp;xsd</Extensions>
    </Filter>
    <Filter Include="Resource Files">
      <UniqueIdentifier>{67DA6AB6-F800-4c08-8B7A-83BB121AAD01}</UniqueIdentifier>
      <Extensions>rc;ico;cur;bmp;dlg;rc2;rct;bin;rgs;gif;jpg;jpeg;jpe;resx;tiff;tif;png;wav;mfcribbon-ms</Extensions>
    </Filter>
    <Filter Include="Resource Files\LOGO">
      <UniqueIdentifier>{b67babfb-8d15-4abf-9168-2786ffa6a52c}</UniqueIdentifier>
    </Filter>
    <Filter Include="Resource Files\Config_Admin">
      <UniqueIdentifier>{049b956a-1f99-462c-a4f4-d6517781e7d2}</UniqueIdentifier>
    </Filter>
  </ItemGroup>
  <ItemGroup>
    <ClCompile Include="main.cpp">
      <Filter>Source Files</Filter>
    </ClCompile>
    <ClCompile Include="Database.cpp">
      <Filter>Source Files</Filter>
    </ClCompile>
    <ClCompile Include="Product.cpp">
      <Filter>Source Files</Filter>
    </ClCompile>
    <ClCompile Include="User.cpp">
      <Filter>Source Files</Filter>
    </ClCompile>
    <ClCompile Include="Logo_Store.cpp">
      <Filter>Source Files</Filter>
    </ClCompile>
    <ClCompile Include="Admin.cpp">
      <Filter>Source Files</Filter>
    </ClCompile>
  </ItemGroup>
  <ItemGroup>
    <Text Include="ninja_1.txt">
      <Filter>Resource Files\LOGO</Filter>
    </Text>
    <Text Include="ninja_2.txt">
      <Filter>Resource Files\LOGO</Filter>
    </Text>
    <Text Include="Logo_store_black.txt">
      <Filter>Resource Files\LOGO</Filter>
    </Text>
    <Text Include="Color_logo.txt">
      <Filter>Resource Files\LOGO</Filter>
    </Text>
    <Text Include="Text.txt">
      <Filter>Resource Files\LOGO</Filter>
    </Text>
    <Text Include="Basket.txt">
      <Filter>Resource Files\LOGO</Filter>
    </Text>
    <Text Include="config.txt">
      <Filter>Resource Files\Config_Admin</Filter>
    </Text>
  </ItemGroup>
  <ItemGroup>
    <ClInclude Include="Database.h">
      <Filter>Resource Files</Filter>
    </ClInclude>
    <ClInclude Include="Product.h">
      <Filter>Resource Files</Filter>
    </ClInclude>
    <ClInclude Include="User.h">
      <Filter>Resource Files</Filter>
    </ClInclude>
    <ClInclude Include="Logo_Store.h">
      <Filter>Resource Files</Filter>
    </ClInclude>
    <ClInclude Include="Color.h">
      <Filter>Resource Files</Filter>
    </ClInclude>
    <ClInclude Include="RegistrationData.h">
      <Filter>Resource Files</Filter>
    </ClInclude>
    <ClInclude Include="ClearCin.h">
      <Filter>Resource Files</Filter>
    </ClInclude>
    <ClInclude Include="Admin.h">
      <Filter>Resource Files</Filter>
    </ClInclude>
  </ItemGroup>
</Project>